dependencies:
  idf:
    source:
      type: idf
    version: 5.5.4
  lvgl/lvgl:
    component_hash: 096c69af22eaf8a2b721e3913da91918c5e6bf1a762a113ec01f401aa61337a0
    dependencies: []
    source:
      registry_url: https://components.espressif.com/
      type: service
    version: 9.2.2
direct_dependencies:
- lvgl/lvgl
manifest_hash: a24a8d080172ff12080e4057900e0836d3289b7c5c6a3b3e4e7d0e43685eb0fc
target: esp32s3
version: 2.0.0
